// !$*UTF8*$!
{
	archiveVersion = 1;
	classes = {
	};
	objectVersion = 50;
	objects = {

/* Begin PBXBuildFile section */
		75543EAD239EB93800E97B25 /* eigen.c in Sources */ = {isa = PBXBuildFile; fileRef = 75543E9C239EB93700E97B25 /* eigen.c */; };
		75543EAF239EB93800E97B25 /* qr.c in Sources */ = {isa = PBXBuildFile; fileRef = 75543E9E239EB93700E97B25 /* qr.c */; };
		75543EB4239EB93800E97B25 /* qsort.c in Sources */ = {isa = PBXBuildFile; fileRef = 75543EA4239EB93700E97B25 /* qsort.c */; };
		75543EB5239EB93800E97B25 /* matrix.c in Sources */ = {isa = PBXBuildFile; fileRef = 75543EA8239EB93700E97B25 /* matrix.c */; };
		75543EB6239EB93800E97B25 /* matrixadv.c in Sources */ = {isa = PBXBuildFile; fileRef = 75543EA9239EB93800E97B25 /* matrixadv.c */; };
		75EA3901236B3D3C007561E8 /* main.c in Sources */ = {isa = PBXBuildFile; fileRef = 75EA3900236B3D3C007561E8 /* main.c */; };
		75EA390A236B52FC007561E8 /* EigenCalculate.c in Sources */ = {isa = PBXBuildFile; fileRef = 75EA3909236B52FC007561E8 /* EigenCalculate.c */; };
		75EA390D236B5311007561E8 /* SensorFusionAlgorithm.c in Sources */ = {isa = PBXBuildFile; fileRef = 75EA390C236B5311007561E8 /* SensorFusionAlgorithm.c */; };
/* End PBXBuildFile section */

/* Begin PBXCopyFilesBuildPhase section */
		75EA38FB236B3D3C007561E8 /* CopyFiles */ = {
			isa = PBXCopyFilesBuildPhase;
			buildActionMask = 2147483647;
			dstPath = /usr/share/man/man1/;
			dstSubfolderSpec = 0;
			files = (
			);
			runOnlyForDeploymentPostprocessing = 1;
		};
/* End PBXCopyFilesBuildPhase section */

/* Begin PBXFileReference section */
		75543E98239EB93700E97B25 /* eigen.h */ = {isa = PBXFileReference; fileEncoding = 4; lastKnownFileType = sourcecode.c.h; path = eigen.h; sourceTree = "<group>"; };
		75543E9A239EB93700E97B25 /* matrix.h */ = {isa = PBXFileReference; fileEncoding = 4; lastKnownFileType = sourcecode.c.h; path = matrix.h; sourceTree = "<group>"; };
		75543E9C239EB93700E97B25 /* eigen.c */ = {isa = PBXFileReference; fileEncoding = 4; lastKnownFileType = sourcecode.c.c; path = eigen.c; sourceTree = "<group>"; };
		75543E9E239EB93700E97B25 /* qr.c */ = {isa = PBXFileReference; fileEncoding = 4; lastKnownFileType = sourcecode.c.c; path = qr.c; sourceTree = "<group>"; };
		75543EA4239EB93700E97B25 /* qsort.c */ = {isa = PBXFileReference; fileEncoding = 4; lastKnownFileType = sourcecode.c.c; path = qsort.c; sourceTree = "<group>"; };
		75543EA5239EB93700E97B25 /* matrixadv.h */ = {isa = PBXFileReference; fileEncoding = 4; lastKnownFileType = sourcecode.c.h; path = matrixadv.h; sourceTree = "<group>"; };
		75543EA6239EB93700E97B25 /* qsort.h */ = {isa = PBXFileReference; fileEncoding = 4; lastKnownFileType = sourcecode.c.h; path = qsort.h; sourceTree = "<group>"; };
		75543EA7239EB93700E97B25 /* qr.h */ = {isa = PBXFileReference; fileEncoding = 4; lastKnownFileType = sourcecode.c.h; path = qr.h; sourceTree = "<group>"; };
		75543EA8239EB93700E97B25 /* matrix.c */ = {isa = PBXFileReference; fileEncoding = 4; lastKnownFileType = sourcecode.c.c; path = matrix.c; sourceTree = "<group>"; };
		75543EA9239EB93800E97B25 /* matrixadv.c */ = {isa = PBXFileReference; fileEncoding = 4; lastKnownFileType = sourcecode.c.c; path = matrixadv.c; sourceTree = "<group>"; };
		75EA38FD236B3D3C007561E8 /* SensorFusionRepo */ = {isa = PBXFileReference; explicitFileType = "compiled.mach-o.executable"; includeInIndex = 0; path = SensorFusionRepo; sourceTree = BUILT_PRODUCTS_DIR; };
		75EA3900236B3D3C007561E8 /* main.c */ = {isa = PBXFileReference; lastKnownFileType = sourcecode.c.c; path = main.c; sourceTree = "<group>"; };
		75EA3908236B52FC007561E8 /* EigenCalculate.h */ = {isa = PBXFileReference; lastKnownFileType = sourcecode.c.h; path = EigenCalculate.h; sourceTree = "<group>"; };
		75EA3909236B52FC007561E8 /* EigenCalculate.c */ = {isa = PBXFileReference; lastKnownFileType = sourcecode.c.c; path = EigenCalculate.c; sourceTree = "<group>"; };
		75EA390B236B5311007561E8 /* SensorFusionAlgorithm.h */ = {isa = PBXFileReference; lastKnownFileType = sourcecode.c.h; path = SensorFusionAlgorithm.h; sourceTree = "<group>"; };
		75EA390C236B5311007561E8 /* SensorFusionAlgorithm.c */ = {isa = PBXFileReference; lastKnownFileType = sourcecode.c.c; path = SensorFusionAlgorithm.c; sourceTree = "<group>"; };
/* End PBXFileReference section */

/* Begin PBXFrameworksBuildPhase section */
		75EA38FA236B3D3C007561E8 /* Frameworks */ = {
			isa = PBXFrameworksBuildPhase;
			buildActionMask = 2147483647;
			files = (
			);
			runOnlyForDeploymentPostprocessing = 0;
		};
/* End PBXFrameworksBuildPhase section */

/* Begin PBXGroup section */
		75EA38F4236B3D3C007561E8 = {
			isa = PBXGroup;
			children = (
				75EA3907236B52E6007561E8 /* include */,
				75EA38FF236B3D3C007561E8 /* src */,
				75EA38FE236B3D3C007561E8 /* Products */,
			);
			sourceTree = "<group>";
		};
		75EA38FE236B3D3C007561E8 /* Products */ = {
			isa = PBXGroup;
			children = (
				75EA38FD236B3D3C007561E8 /* SensorFusionRepo */,
			);
			name = Products;
			sourceTree = "<group>";
		};
		75EA38FF236B3D3C007561E8 /* src */ = {
			isa = PBXGroup;
			children = (
				75543EA4239EB93700E97B25 /* qsort.c */,
				75543E9E239EB93700E97B25 /* qr.c */,
				75543EA9239EB93800E97B25 /* matrixadv.c */,
				75543EA8239EB93700E97B25 /* matrix.c */,
				75543E9C239EB93700E97B25 /* eigen.c */,
				75EA3909236B52FC007561E8 /* EigenCalculate.c */,
				75EA390C236B5311007561E8 /* SensorFusionAlgorithm.c */,
				75EA3900236B3D3C007561E8 /* main.c */,
			);
			path = src;
			sourceTree = "<group>";
		};
		75EA3907236B52E6007561E8 /* include */ = {
			isa = PBXGroup;
			children = (
				75543E98239EB93700E97B25 /* eigen.h */,
				75543E9A239EB93700E97B25 /* matrix.h */,
				75543EA5239EB93700E97B25 /* matrixadv.h */,
				75543EA7239EB93700E97B25 /* qr.h */,
				75543EA6239EB93700E97B25 /* qsort.h */,
				75EA3908236B52FC007561E8 /* EigenCalculate.h */,
				75EA390B236B5311007561E8 /* SensorFusionAlgorithm.h */,
			);
			path = include;
			sourceTree = "<group>";
		};
/* End PBXGroup section */

/* Begin PBXNativeTarget section */
		75EA38FC236B3D3C007561E8 /* SensorFusionRepo */ = {
			isa = PBXNativeTarget;
			buildConfigurationList = 75EA3904236B3D3C007561E8 /* Build configuration list for PBXNativeTarget "SensorFusionRepo" */;
			buildPhases = (
				75EA38F9236B3D3C007561E8 /* Sources */,
				75EA38FA236B3D3C007561E8 /* Frameworks */,
				75EA38FB236B3D3C007561E8 /* CopyFiles */,
			);
			buildRules = (
			);
			dependencies = (
			);
			name = SensorFusionRepo;
			productName = SensorFusionRepo;
			productReference = 75EA38FD236B3D3C007561E8 /* SensorFusionRepo */;
			productType = "com.apple.product-type.tool";
		};
/* End PBXNativeTarget section */

/* Begin PBXProject section */
		75EA38F5236B3D3C007561E8 /* Project object */ = {
			isa = PBXProject;
			attributes = {
				LastUpgradeCheck = 1120;
				ORGANIZATIONNAME = "Rishabh Jiresal";
				TargetAttributes = {
					75EA38FC236B3D3C007561E8 = {
						CreatedOnToolsVersion = 11.1;
					};
				};
			};
			buildConfigurationList = 75EA38F8236B3D3C007561E8 /* Build configuration list for PBXProject "SensorFusionRepo" */;
			compatibilityVersion = "Xcode 9.3";
			developmentRegion = en;
			hasScannedForEncodings = 0;
			knownRegions = (
				en,
				Base,
			);
			mainGroup = 75EA38F4236B3D3C007561E8;
			productRefGroup = 75EA38FE236B3D3C007561E8 /* Products */;
			projectDirPath = "";
			projectRoot = "";
			targets = (
				75EA38FC236B3D3C007561E8 /* SensorFusionRepo */,
			);
		};
/* End PBXProject section */

/* Begin PBXSourcesBuildPhase section */
		75EA38F9236B3D3C007561E8 /* Sources */ = {
			isa = PBXSourcesBuildPhase;
			buildActionMask = 2147483647;
			files = (
				75EA3901236B3D3C007561E8 /* main.c in Sources */,
				75543EB4239EB93800E97B25 /* qsort.c in Sources */,
				75543EB5239EB93800E97B25 /* matrix.c in Sources */,
				75543EAF239EB93800E97B25 /* qr.c in Sources */,
				75EA390D236B5311007561E8 /* SensorFusionAlgorithm.c in Sources */,
				75EA390A236B52FC007561E8 /* EigenCalculate.c in Sources */,
				75543EB6239EB93800E97B25 /* matrixadv.c in Sources */,
				75543EAD239EB93800E97B25 /* eigen.c in Sources */,
			);
			runOnlyForDeploymentPostprocessing = 0;
		};
/* End PBXSourcesBuildPhase section */

/* Begin XCBuildConfiguration section */
		75EA3902236B3D3C007561E8 /* Debug */ = {
			isa = XCBuildConfiguration;
			buildSettings = {
				ALWAYS_SEARCH_USER_PATHS = NO;
				CLANG_ANALYZER_NONNULL = YES;
				CLANG_ANALYZER_NUMBER_OBJECT_CONVERSION = YES_AGGRESSIVE;
				CLANG_CXX_LANGUAGE_STANDARD = "gnu++14";
				CLANG_CXX_LIBRARY = "libc++";
				CLANG_ENABLE_MODULES = YES;
				CLANG_ENABLE_OBJC_ARC = YES;
				CLANG_ENABLE_OBJC_WEAK = YES;
				CLANG_WARN_BLOCK_CAPTURE_AUTORELEASING = YES;
				CLANG_WARN_BOOL_CONVERSION = YES;
				CLANG_WARN_COMMA = YES;
				CLANG_WARN_CONSTANT_CONVERSION = YES;
				CLANG_WARN_DEPRECATED_OBJC_IMPLEMENTATIONS = YES;
				CLANG_WARN_DIRECT_OBJC_ISA_USAGE = YES_ERROR;
				CLANG_WARN_DOCUMENTATION_COMMENTS = YES;
				CLANG_WARN_EMPTY_BODY = YES;
				CLANG_WARN_ENUM_CONVERSION = YES;
				CLANG_WARN_INFINITE_RECURSION = YES;
				CLANG_WARN_INT_CONVERSION = YES;
				CLANG_WARN_NON_LITERAL_NULL_CONVERSION = YES;
				CLANG_WARN_OBJC_IMPLICIT_RETAIN_SELF = YES;
				CLANG_WARN_OBJC_LITERAL_CONVERSION = YES;
				CLANG_WARN_OBJC_ROOT_CLASS = YES_ERROR;
				CLANG_WARN_RANGE_LOOP_ANALYSIS = YES;
				CLANG_WARN_STRICT_PROTOTYPES = YES;
				CLANG_WARN_SUSPICIOUS_MOVE = YES;
				CLANG_WARN_UNGUARDED_AVAILABILITY = YES_AGGRESSIVE;
				CLANG_WARN_UNREACHABLE_CODE = YES;
				CLANG_WARN__DUPLICATE_METHOD_MATCH = YES;
				COPY_PHASE_STRIP = NO;
				DEBUG_INFORMATION_FORMAT = dwarf;
				ENABLE_STRICT_OBJC_MSGSEND = YES;
				ENABLE_TESTABILITY = YES;
				GCC_C_LANGUAGE_STANDARD = gnu11;
				GCC_DYNAMIC_NO_PIC = NO;
				GCC_NO_COMMON_BLOCKS = YES;
				GCC_OPTIMIZATION_LEVEL = 0;
				GCC_PREPROCESSOR_DEFINITIONS = (
					"DEBUG=1",
					"$(inherited)",
				);
				GCC_WARN_64_TO_32_BIT_CONVERSION = YES;
				GCC_WARN_ABOUT_RETURN_TYPE = YES_ERROR;
				GCC_WARN_UNDECLARED_SELECTOR = YES;
				GCC_WARN_UNINITIALIZED_AUTOS = YES_AGGRESSIVE;
				GCC_WARN_UNUSED_FUNCTION = YES;
				GCC_WARN_UNUSED_VARIABLE = YES;
				MACOSX_DEPLOYMENT_TARGET = 10.15;
				MTL_ENABLE_DEBUG_INFO = INCLUDE_SOURCE;
				MTL_FAST_MATH = YES;
				ONLY_ACTIVE_ARCH = YES;
				SDKROOT = macosx;
			};
			name = Debug;
		};
		75EA3903236B3D3C007561E8 /* Release */ = {
			isa = XCBuildConfiguration;
			buildSettings = {
				ALWAYS_SEARCH_USER_PATHS = NO;
				CLANG_ANALYZER_NONNULL = YES;
				CLANG_ANALYZER_NUMBER_OBJECT_CONVERSION = YES_AGGRESSIVE;
				CLANG_CXX_LANGUAGE_STANDARD = "gnu++14";
				CLANG_CXX_LIBRARY = "libc++";
				CLANG_ENABLE_MODULES = YES;
				CLANG_ENABLE_OBJC_ARC = YES;
				CLANG_ENABLE_OBJC_WEAK = YES;
				CLANG_WARN_BLOCK_CAPTURE_AUTORELEASING = YES;
				CLANG_WARN_BOOL_CONVERSION = YES;
				CLANG_WARN_COMMA = YES;
				CLANG_WARN_CONSTANT_CONVERSION = YES;
				CLANG_WARN_DEPRECATED_OBJC_IMPLEMENTATIONS = YES;
				CLANG_WARN_DIRECT_OBJC_ISA_USAGE = YES_ERROR;
				CLANG_WARN_DOCUMENTATION_COMMENTS = YES;
				CLANG_WARN_EMPTY_BODY = YES;
				CLANG_WARN_ENUM_CONVERSION = YES;
				CLANG_WARN_INFINITE_RECURSION = YES;
				CLANG_WARN_INT_CONVERSION = YES;
				CLANG_WARN_NON_LITERAL_NULL_CONVERSION = YES;
				CLANG_WARN_OBJC_IMPLICIT_RETAIN_SELF = YES;
				CLANG_WARN_OBJC_LITERAL_CONVERSION = YES;
				CLANG_WARN_OBJC_ROOT_CLASS = YES_ERROR;
				CLANG_WARN_RANGE_LOOP_ANALYSIS = YES;
				CLANG_WARN_STRICT_PROTOTYPES = YES;
				CLANG_WARN_SUSPICIOUS_MOVE = YES;
				CLANG_WARN_UNGUARDED_AVAILABILITY = YES_AGGRESSIVE;
				CLANG_WARN_UNREACHABLE_CODE = YES;
				CLANG_WARN__DUPLICATE_METHOD_MATCH = YES;
				COPY_PHASE_STRIP = NO;
				DEBUG_INFORMATION_FORMAT = "dwarf-with-dsym";
				ENABLE_NS_ASSERTIONS = NO;
				ENABLE_STRICT_OBJC_MSGSEND = YES;
				GCC_C_LANGUAGE_STANDARD = gnu11;
				GCC_NO_COMMON_BLOCKS = YES;
				GCC_WARN_64_TO_32_BIT_CONVERSION = YES;
				GCC_WARN_ABOUT_RETURN_TYPE = YES_ERROR;
				GCC_WARN_UNDECLARED_SELECTOR = YES;
				GCC_WARN_UNINITIALIZED_AUTOS = YES_AGGRESSIVE;
				GCC_WARN_UNUSED_FUNCTION = YES;
				GCC_WARN_UNUSED_VARIABLE = YES;
				MACOSX_DEPLOYMENT_TARGET = 10.15;
				MTL_ENABLE_DEBUG_INFO = NO;
				MTL_FAST_MATH = YES;
				SDKROOT = macosx;
			};
			name = Release;
		};
		75EA3905236B3D3C007561E8 /* Debug */ = {
			isa = XCBuildConfiguration;
			buildSettings = {
				CODE_SIGN_IDENTITY = "-";
				CODE_SIGN_STYLE = Automatic;
				PRODUCT_NAME = "$(TARGET_NAME)";
			};
			name = Debug;
		};
		75EA3906236B3D3C007561E8 /* Release */ = {
			isa = XCBuildConfiguration;
			buildSettings = {
				CODE_SIGN_IDENTITY = "-";
				CODE_SIGN_STYLE = Automatic;
				PRODUCT_NAME = "$(TARGET_NAME)";
			};
			name = Release;
		};
/* End XCBuildConfiguration section */

/* Begin XCConfigurationList section */
		75EA38F8236B3D3C007561E8 /* Build configuration list for PBXProject "SensorFusionRepo" */ = {
			isa = XCConfigurationList;
			buildConfigurations = (
				75EA3902236B3D3C007561E8 /* Debug */,
				75EA3903236B3D3C007561E8 /* Release */,
			);
			defaultConfigurationIsVisible = 0;
			defaultConfigurationName = Release;
		};
		75EA3904236B3D3C007561E8 /* Build configuration list for PBXNativeTarget "SensorFusionRepo" */ = {
			isa = XCConfigurationList;
			buildConfigurations = (
				75EA3905236B3D3C007561E8 /* Debug */,
				75EA3906236B3D3C007561E8 /* Release */,
			);
			defaultConfigurationIsVisible = 0;
			defaultConfigurationName = Release;
		};
/* End XCConfigurationList section */
	};
	rootObject = 75EA38F5236B3D3C007561E8 /* Project object */;
}
